// !$*UTF8*$!
{
	archiveVersion = 1;
	classes = {
	};
	objectVersion = 51;
	objects = {

/* Begin PBXBuildFile section */
		EE710BC922C128750069D653 /* AppDelegate.swift in Sources */ = {isa = PBXBuildFile; fileRef = EE710BC822C128750069D653 /* AppDelegate.swift */; };
		EE710BCB22C128750069D653 /* ViewController.swift in Sources */ = {isa = PBXBuildFile; fileRef = EE710BCA22C128750069D653 /* ViewController.swift */; };
		EE710BCE22C128750069D653 /* Main.storyboard in Resources */ = {isa = PBXBuildFile; fileRef = EE710BCC22C128750069D653 /* Main.storyboard */; };
		EE710BD022C128760069D653 /* Assets.xcassets in Resources */ = {isa = PBXBuildFile; fileRef = EE710BCF22C128760069D653 /* Assets.xcassets */; };
		EE710BD322C128760069D653 /* LaunchScreen.storyboard in Resources */ = {isa = PBXBuildFile; fileRef = EE710BD122C128760069D653 /* LaunchScreen.storyboard */; };
		EE710BEB22C129450069D653 /* YHBaseViewController.swift in Sources */ = {isa = PBXBuildFile; fileRef = EE710BDB22C129450069D653 /* YHBaseViewController.swift */; };
		EE710BEC22C129450069D653 /* YHNet.swift in Sources */ = {isa = PBXBuildFile; fileRef = EE710BDC22C129450069D653 /* YHNet.swift */; };
		EE710BED22C129450069D653 /* UIScreenExtension.swift in Sources */ = {isa = PBXBuildFile; fileRef = EE710BDD22C129450069D653 /* UIScreenExtension.swift */; };
		EE710BEE22C129450069D653 /* UIColorExtension.swift in Sources */ = {isa = PBXBuildFile; fileRef = EE710BDE22C129450069D653 /* UIColorExtension.swift */; };
		EE710BEF22C129450069D653 /* YHHUD.swift in Sources */ = {isa = PBXBuildFile; fileRef = EE710BDF22C129450069D653 /* YHHUD.swift */; };
		EE710BF022C129450069D653 /* YHRotation.swift in Sources */ = {isa = PBXBuildFile; fileRef = EE710BE022C129450069D653 /* YHRotation.swift */; };
		EE710BF122C129450069D653 /* YHCusNavigationBar.swift in Sources */ = {isa = PBXBuildFile; fileRef = EE710BE122C129450069D653 /* YHCusNavigationBar.swift */; };
		EE710BF222C129450069D653 /* BundleExtension.swift in Sources */ = {isa = PBXBuildFile; fileRef = EE710BE222C129450069D653 /* BundleExtension.swift */; };
		EE710BF322C129450069D653 /* README.md in Resources */ = {isa = PBXBuildFile; fileRef = EE710BE422C129450069D653 /* README.md */; };
		EE710BF422C129450069D653 /* UIDeviceExtension.swift in Sources */ = {isa = PBXBuildFile; fileRef = EE710BE522C129450069D653 /* UIDeviceExtension.swift */; };
		EE710BF522C129450069D653 /* StringExtension.swift in Sources */ = {isa = PBXBuildFile; fileRef = EE710BE622C129450069D653 /* StringExtension.swift */; };
		EE710BF622C129450069D653 /* YHAppStatus.swift in Sources */ = {isa = PBXBuildFile; fileRef = EE710BE822C129450069D653 /* YHAppStatus.swift */; };
		EE710BF722C129450069D653 /* testtesttest.c in Sources */ = {isa = PBXBuildFile; fileRef = EE710BE922C129450069D653 /* testtesttest.c */; };
		EE710BF822C129450069D653 /* YHLog.swift in Sources */ = {isa = PBXBuildFile; fileRef = EE710BEA22C129450069D653 /* YHLog.swift */; };
		FD872FB435558C9C75798C8A /* Pods_SwiftTool.framework in Frameworks */ = {isa = PBXBuildFile; fileRef = E87066C106695801C3FFFABD /* Pods_SwiftTool.framework */; };
/* End PBXBuildFile section */

/* Begin PBXFileReference section */
		19479809F2C08548E4748852 /* Pods-SwiftTool.debug.xcconfig */ = {isa = PBXFileReference; includeInIndex = 1; lastKnownFileType = text.xcconfig; name = "Pods-SwiftTool.debug.xcconfig"; path = "Target Support Files/Pods-SwiftTool/Pods-SwiftTool.debug.xcconfig"; sourceTree = "<group>"; };
		5BC5EFB48A9F502735E19345 /* Pods-SwiftTool.release.xcconfig */ = {isa = PBXFileReference; includeInIndex = 1; lastKnownFileType = text.xcconfig; name = "Pods-SwiftTool.release.xcconfig"; path = "Target Support Files/Pods-SwiftTool/Pods-SwiftTool.release.xcconfig"; sourceTree = "<group>"; };
		E87066C106695801C3FFFABD /* Pods_SwiftTool.framework */ = {isa = PBXFileReference; explicitFileType = wrapper.framework; includeInIndex = 0; path = Pods_SwiftTool.framework; sourceTree = BUILT_PRODUCTS_DIR; };
		EE710BC522C128750069D653 /* SwiftTool.app */ = {isa = PBXFileReference; explicitFileType = wrapper.application; includeInIndex = 0; path = SwiftTool.app; sourceTree = BUILT_PRODUCTS_DIR; };
		EE710BC822C128750069D653 /* AppDelegate.swift */ = {isa = PBXFileReference; lastKnownFileType = sourcecode.swift; path = AppDelegate.swift; sourceTree = "<group>"; };
		EE710BCA22C128750069D653 /* ViewController.swift */ = {isa = PBXFileReference; lastKnownFileType = sourcecode.swift; path = ViewController.swift; sourceTree = "<group>"; };
		EE710BCD22C128750069D653 /* Base */ = {isa = PBXFileReference; lastKnownFileType = file.storyboard; name = Base; path = Base.lproj/Main.storyboard; sourceTree = "<group>"; };
		EE710BCF22C128760069D653 /* Assets.xcassets */ = {isa = PBXFileReference; lastKnownFileType = folder.assetcatalog; path = Assets.xcassets; sourceTree = "<group>"; };
		EE710BD222C128760069D653 /* Base */ = {isa = PBXFileReference; lastKnownFileType = file.storyboard; name = Base; path = Base.lproj/LaunchScreen.storyboard; sourceTree = "<group>"; };
		EE710BD422C128760069D653 /* Info.plist */ = {isa = PBXFileReference; lastKnownFileType = text.plist.xml; path = Info.plist; sourceTree = "<group>"; };
		EE710BDB22C129450069D653 /* YHBaseViewController.swift */ = {isa = PBXFileReference; fileEncoding = 4; lastKnownFileType = sourcecode.swift; path = YHBaseViewController.swift; sourceTree = "<group>"; };
		EE710BDC22C129450069D653 /* YHNet.swift */ = {isa = PBXFileReference; fileEncoding = 4; lastKnownFileType = sourcecode.swift; path = YHNet.swift; sourceTree = "<group>"; };
		EE710BDD22C129450069D653 /* UIScreenExtension.swift */ = {isa = PBXFileReference; fileEncoding = 4; lastKnownFileType = sourcecode.swift; path = UIScreenExtension.swift; sourceTree = "<group>"; };
		EE710BDE22C129450069D653 /* UIColorExtension.swift */ = {isa = PBXFileReference; fileEncoding = 4; lastKnownFileType = sourcecode.swift; path = UIColorExtension.swift; sourceTree = "<group>"; };
		EE710BDF22C129450069D653 /* YHHUD.swift */ = {isa = PBXFileReference; fileEncoding = 4; lastKnownFileType = sourcecode.swift; path = YHHUD.swift; sourceTree = "<group>"; };
		EE710BE022C129450069D653 /* YHRotation.swift */ = {isa = PBXFileReference; fileEncoding = 4; lastKnownFileType = sourcecode.swift; path = YHRotation.swift; sourceTree = "<group>"; };
		EE710BE122C129450069D653 /* YHCusNavigationBar.swift */ = {isa = PBXFileReference; fileEncoding = 4; lastKnownFileType = sourcecode.swift; path = YHCusNavigationBar.swift; sourceTree = "<group>"; };
		EE710BE222C129450069D653 /* BundleExtension.swift */ = {isa = PBXFileReference; fileEncoding = 4; lastKnownFileType = sourcecode.swift; path = BundleExtension.swift; sourceTree = "<group>"; };
		EE710BE322C129450069D653 /* testtesttest.h */ = {isa = PBXFileReference; fileEncoding = 4; lastKnownFileType = sourcecode.c.h; path = testtesttest.h; sourceTree = "<group>"; };
		EE710BE422C129450069D653 /* README.md */ = {isa = PBXFileReference; fileEncoding = 4; lastKnownFileType = net.daringfireball.markdown; path = README.md; sourceTree = "<group>"; };
		EE710BE522C129450069D653 /* UIDeviceExtension.swift */ = {isa = PBXFileReference; fileEncoding = 4; lastKnownFileType = sourcecode.swift; path = UIDeviceExtension.swift; sourceTree = "<group>"; };
		EE710BE622C129450069D653 /* StringExtension.swift */ = {isa = PBXFileReference; fileEncoding = 4; lastKnownFileType = sourcecode.swift; path = StringExtension.swift; sourceTree = "<group>"; };
		EE710BE722C129450069D653 /* YHSwiftTool_OC_Header.h */ = {isa = PBXFileReference; fileEncoding = 4; lastKnownFileType = sourcecode.c.h; path = YHSwiftTool_OC_Header.h; sourceTree = "<group>"; };
		EE710BE822C129450069D653 /* YHAppStatus.swift */ = {isa = PBXFileReference; fileEncoding = 4; lastKnownFileType = sourcecode.swift; path = YHAppStatus.swift; sourceTree = "<group>"; };
		EE710BE922C129450069D653 /* testtesttest.c */ = {isa = PBXFileReference; fileEncoding = 4; lastKnownFileType = sourcecode.c.c; path = testtesttest.c; sourceTree = "<group>"; };
		EE710BEA22C129450069D653 /* YHLog.swift */ = {isa = PBXFileReference; fileEncoding = 4; lastKnownFileType = sourcecode.swift; path = YHLog.swift; sourceTree = "<group>"; };
/* End PBXFileReference section */

/* Begin PBXFrameworksBuildPhase section */
		EE710BC222C128750069D653 /* Frameworks */ = {
			isa = PBXFrameworksBuildPhase;
			buildActionMask = 2147483647;
			files = (
				FD872FB435558C9C75798C8A /* Pods_SwiftTool.framework in Frameworks */,
			);
			runOnlyForDeploymentPostprocessing = 0;
		};
/* End PBXFrameworksBuildPhase section */

/* Begin PBXGroup section */
		A0882D4809279247F1EB6F2F /* Pods */ = {
			isa = PBXGroup;
			children = (
				19479809F2C08548E4748852 /* Pods-SwiftTool.debug.xcconfig */,
				5BC5EFB48A9F502735E19345 /* Pods-SwiftTool.release.xcconfig */,
			);
			path = Pods;
			sourceTree = "<group>";
		};
		D2E19A11C7CC0A48E6123AA8 /* Frameworks */ = {
			isa = PBXGroup;
			children = (
				E87066C106695801C3FFFABD /* Pods_SwiftTool.framework */,
			);
			name = Frameworks;
			sourceTree = "<group>";
		};
		EE710BBC22C128750069D653 = {
			isa = PBXGroup;
			children = (
				EE710BC722C128750069D653 /* SwiftTool */,
				EE710BC622C128750069D653 /* Products */,
				A0882D4809279247F1EB6F2F /* Pods */,
				D2E19A11C7CC0A48E6123AA8 /* Frameworks */,
			);
			sourceTree = "<group>";
		};
		EE710BC622C128750069D653 /* Products */ = {
			isa = PBXGroup;
			children = (
				EE710BC522C128750069D653 /* SwiftTool.app */,
			);
			name = Products;
			sourceTree = "<group>";
		};
		EE710BC722C128750069D653 /* SwiftTool */ = {
			isa = PBXGroup;
			children = (
				EE710BC822C128750069D653 /* AppDelegate.swift */,
				EE710BCA22C128750069D653 /* ViewController.swift */,
				EE710BDA22C129450069D653 /* SwiftTool */,
				EE710BCC22C128750069D653 /* Main.storyboard */,
				EE710BCF22C128760069D653 /* Assets.xcassets */,
				EE710BD122C128760069D653 /* LaunchScreen.storyboard */,
				EE710BD422C128760069D653 /* Info.plist */,
			);
			path = SwiftTool;
			sourceTree = "<group>";
		};
		EE710BDA22C129450069D653 /* SwiftTool */ = {
			isa = PBXGroup;
			children = (
				EE710BE222C129450069D653 /* BundleExtension.swift */,
				EE710BE422C129450069D653 /* README.md */,
				EE710BE622C129450069D653 /* StringExtension.swift */,
				EE710BE922C129450069D653 /* testtesttest.c */,
				EE710BE322C129450069D653 /* testtesttest.h */,
				EE710BDE22C129450069D653 /* UIColorExtension.swift */,
				EE710BE522C129450069D653 /* UIDeviceExtension.swift */,
				EE710BDD22C129450069D653 /* UIScreenExtension.swift */,
				EE710BE822C129450069D653 /* YHAppStatus.swift */,
				EE710BDB22C129450069D653 /* YHBaseViewController.swift */,
				EE710BE122C129450069D653 /* YHCusNavigationBar.swift */,
				EE710BDF22C129450069D653 /* YHHUD.swift */,
				EE710BEA22C129450069D653 /* YHLog.swift */,
				EE710BDC22C129450069D653 /* YHNet.swift */,
				EE710BE022C129450069D653 /* YHRotation.swift */,
				EE710BE722C129450069D653 /* YHSwiftTool_OC_Header.h */,
			);
			path = SwiftTool;
			sourceTree = "<group>";
		};
/* End PBXGroup section */

/* Begin PBXNativeTarget section */
		EE710BC422C128750069D653 /* SwiftTool */ = {
			isa = PBXNativeTarget;
			buildConfigurationList = EE710BD722C128760069D653 /* Build configuration list for PBXNativeTarget "SwiftTool" */;
			buildPhases = (
				12196BC382EB0BA4FF7F2872 /* [CP] Check Pods Manifest.lock */,
				EE710BC122C128750069D653 /* Sources */,
				EE710BC222C128750069D653 /* Frameworks */,
				EE710BC322C128750069D653 /* Resources */,
				572C3046F7AC23835F6CD657 /* [CP] Embed Pods Frameworks */,
			);
			buildRules = (
			);
			dependencies = (
			);
			name = SwiftTool;
			productName = SwiftTool;
			productReference = EE710BC522C128750069D653 /* SwiftTool.app */;
			productType = "com.apple.product-type.application";
		};
/* End PBXNativeTarget section */

/* Begin PBXProject section */
		EE710BBD22C128750069D653 /* Project object */ = {
			isa = PBXProject;
			attributes = {
				LastSwiftUpdateCheck = 1020;
				LastUpgradeCheck = 1020;
				ORGANIZATIONNAME = yinhe;
				TargetAttributes = {
					EE710BC422C128750069D653 = {
						CreatedOnToolsVersion = 10.2.1;
					};
				};
			};
			buildConfigurationList = EE710BC022C128750069D653 /* Build configuration list for PBXProject "SwiftTool" */;
			compatibilityVersion = "Xcode 9.3";
			developmentRegion = en;
			hasScannedForEncodings = 0;
			knownRegions = (
				en,
				Base,
			);
			mainGroup = EE710BBC22C128750069D653;
			productRefGroup = EE710BC622C128750069D653 /* Products */;
			projectDirPath = "";
			projectRoot = "";
			targets = (
				EE710BC422C128750069D653 /* SwiftTool */,
			);
		};
/* End PBXProject section */

/* Begin PBXResourcesBuildPhase section */
		EE710BC322C128750069D653 /* Resources */ = {
			isa = PBXResourcesBuildPhase;
			buildActionMask = 2147483647;
			files = (
				EE710BD322C128760069D653 /* LaunchScreen.storyboard in Resources */,
				EE710BD022C128760069D653 /* Assets.xcassets in Resources */,
				EE710BF322C129450069D653 /* README.md in Resources */,
				EE710BCE22C128750069D653 /* Main.storyboard in Resources */,
			);
			runOnlyForDeploymentPostprocessing = 0;
		};
/* End PBXResourcesBuildPhase section */

/* Begin PBXShellScriptBuildPhase section */
		12196BC382EB0BA4FF7F2872 /* [CP] Check Pods Manifest.lock */ = {
			isa = PBXShellScriptBuildPhase;
			buildActionMask = 2147483647;
			files = (
			);
			inputFileListPaths = (
			);
			inputPaths = (
				"${PODS_PODFILE_DIR_PATH}/Podfile.lock",
				"${PODS_ROOT}/Manifest.lock",
			);
			name = "[CP] Check Pods Manifest.lock";
			outputFileListPaths = (
			);
			outputPaths = (
				"$(DERIVED_FILE_DIR)/Pods-SwiftTool-checkManifestLockResult.txt",
			);
			runOnlyForDeploymentPostprocessing = 0;
			shellPath = /bin/sh;
			shellScript = "diff \"${PODS_PODFILE_DIR_PATH}/Podfile.lock\" \"${PODS_ROOT}/Manifest.lock\" > /dev/null\nif [ $? != 0 ] ; then\n    # print error to STDERR\n    echo \"error: The sandbox is not in sync with the Podfile.lock. Run 'pod install' or update your CocoaPods installation.\" >&2\n    exit 1\nfi\n# This output is used by Xcode 'outputs' to avoid re-running this script phase.\necho \"SUCCESS\" > \"${SCRIPT_OUTPUT_FILE_0}\"\n";
			showEnvVarsInLog = 0;
		};
		572C3046F7AC23835F6CD657 /* [CP] Embed Pods Frameworks */ = {
			isa = PBXShellScriptBuildPhase;
			buildActionMask = 2147483647;
			files = (
			);
			inputFileListPaths = (
				"${PODS_ROOT}/Target Support Files/Pods-SwiftTool/Pods-SwiftTool-frameworks-${CONFIGURATION}-input-files.xcfilelist",
			);
			name = "[CP] Embed Pods Frameworks";
			outputFileListPaths = (
				"${PODS_ROOT}/Target Support Files/Pods-SwiftTool/Pods-SwiftTool-frameworks-${CONFIGURATION}-output-files.xcfilelist",
			);
			runOnlyForDeploymentPostprocessing = 0;
			shellPath = /bin/sh;
			shellScript = "\"${PODS_ROOT}/Target Support Files/Pods-SwiftTool/Pods-SwiftTool-frameworks.sh\"\n";
			showEnvVarsInLog = 0;
		};
/* End PBXShellScriptBuildPhase section */

/* Begin PBXSourcesBuildPhase section */
		EE710BC122C128750069D653 /* Sources */ = {
			isa = PBXSourcesBuildPhase;
			buildActionMask = 2147483647;
			files = (
				EE710BF822C129450069D653 /* YHLog.swift in Sources */,
				EE710BEB22C129450069D653 /* YHBaseViewController.swift in Sources */,
				EE710BEF22C129450069D653 /* YHHUD.swift in Sources */,
				EE710BCB22C128750069D653 /* ViewController.swift in Sources */,
				EE710BEC22C129450069D653 /* YHNet.swift in Sources */,
				EE710BF022C129450069D653 /* YHRotation.swift in Sources */,
				EE710BF222C129450069D653 /* BundleExtension.swift in Sources */,
				EE710BF422C129450069D653 /* UIDeviceExtension.swift in Sources */,
				EE710BF122C129450069D653 /* YHCusNavigationBar.swift in Sources */,
				EE710BF522C129450069D653 /* StringExtension.swift in Sources */,
				EE710BC922C128750069D653 /* AppDelegate.swift in Sources */,
				EE710BF622C129450069D653 /* YHAppStatus.swift in Sources */,
				EE710BF722C129450069D653 /* testtesttest.c in Sources */,
				EE710BED22C129450069D653 /* UIScreenExtension.swift in Sources */,
				EE710BEE22C129450069D653 /* UIColorExtension.swift in Sources */,
			);
			runOnlyForDeploymentPostprocessing = 0;
		};
/* End PBXSourcesBuildPhase section */

/* Begin PBXVariantGroup section */
		EE710BCC22C128750069D653 /* Main.storyboard */ = {
			isa = PBXVariantGroup;
			children = (
				EE710BCD22C128750069D653 /* Base */,
			);
			name = Main.storyboard;
			sourceTree = "<group>";
		};
		EE710BD122C128760069D653 /* LaunchScreen.storyboard */ = {
			isa = PBXVariantGroup;
			children = (
				EE710BD222C128760069D653 /* Base */,
			);
			name = LaunchScreen.storyboard;
			sourceTree = "<group>";
		};
/* End PBXVariantGroup section */

/* Begin XCBuildConfiguration section */
		EE710BD522C128760069D653 /* Debug */ = {
			isa = XCBuildConfiguration;
			buildSettings = {
				ALWAYS_SEARCH_USER_PATHS = NO;
				CLANG_ANALYZER_NONNULL = YES;
				CLANG_ANALYZER_NUMBER_OBJECT_CONVERSION = YES_AGGRESSIVE;
				CLANG_CXX_LANGUAGE_STANDARD = "gnu++14";
				CLANG_CXX_LIBRARY = "libc++";
				CLANG_ENABLE_MODULES = YES;
				CLANG_ENABLE_OBJC_ARC = YES;
				CLANG_ENABLE_OBJC_WEAK = YES;
				CLANG_WARN_BLOCK_CAPTURE_AUTORELEASING = YES;
				CLANG_WARN_BOOL_CONVERSION = YES;
				CLANG_WARN_COMMA = YES;
				CLANG_WARN_CONSTANT_CONVERSION = YES;
				CLANG_WARN_DEPRECATED_OBJC_IMPLEMENTATIONS = YES;
				CLANG_WARN_DIRECT_OBJC_ISA_USAGE = YES_ERROR;
				CLANG_WARN_DOCUMENTATION_COMMENTS = YES;
				CLANG_WARN_EMPTY_BODY = YES;
				CLANG_WARN_ENUM_CONVERSION = YES;
				CLANG_WARN_INFINITE_RECURSION = YES;
				CLANG_WARN_INT_CONVERSION = YES;
				CLANG_WARN_NON_LITERAL_NULL_CONVERSION = YES;
				CLANG_WARN_OBJC_IMPLICIT_RETAIN_SELF = YES;
				CLANG_WARN_OBJC_LITERAL_CONVERSION = YES;
				CLANG_WARN_OBJC_ROOT_CLASS = YES_ERROR;
				CLANG_WARN_RANGE_LOOP_ANALYSIS = YES;
				CLANG_WARN_STRICT_PROTOTYPES = YES;
				CLANG_WARN_SUSPICIOUS_MOVE = YES;
				CLANG_WARN_UNGUARDED_AVAILABILITY = YES_AGGRESSIVE;
				CLANG_WARN_UNREACHABLE_CODE = YES;
				CLANG_WARN__DUPLICATE_METHOD_MATCH = YES;
				CODE_SIGN_IDENTITY = "iPhone Developer";
				COPY_PHASE_STRIP = NO;
				DEBUG_INFORMATION_FORMAT = dwarf;
				ENABLE_STRICT_OBJC_MSGSEND = YES;
				ENABLE_TESTABILITY = YES;
				GCC_C_LANGUAGE_STANDARD = gnu11;
				GCC_DYNAMIC_NO_PIC = NO;
				GCC_NO_COMMON_BLOCKS = YES;
				GCC_OPTIMIZATION_LEVEL = 0;
				GCC_PREPROCESSOR_DEFINITIONS = (
					"DEBUG=1",
					"$(inherited)",
				);
				GCC_WARN_64_TO_32_BIT_CONVERSION = YES;
				GCC_WARN_ABOUT_RETURN_TYPE = YES_ERROR;
				GCC_WARN_UNDECLARED_SELECTOR = YES;
				GCC_WARN_UNINITIALIZED_AUTOS = YES_AGGRESSIVE;
				GCC_WARN_UNUSED_FUNCTION = YES;
				GCC_WARN_UNUSED_VARIABLE = YES;
				IPHONEOS_DEPLOYMENT_TARGET = 12.2;
				MTL_ENABLE_DEBUG_INFO = INCLUDE_SOURCE;
				MTL_FAST_MATH = YES;
				ONLY_ACTIVE_ARCH = YES;
				SDKROOT = iphoneos;
				SWIFT_ACTIVE_COMPILATION_CONDITIONS = DEBUG;
				SWIFT_OPTIMIZATION_LEVEL = "-Onone";
			};
			name = Debug;
		};
		EE710BD622C128760069D653 /* Release */ = {
			isa = XCBuildConfiguration;
			buildSettings = {
				ALWAYS_SEARCH_USER_PATHS = NO;
				CLANG_ANALYZER_NONNULL = YES;
				CLANG_ANALYZER_NUMBER_OBJECT_CONVERSION = YES_AGGRESSIVE;
				CLANG_CXX_LANGUAGE_STANDARD = "gnu++14";
				CLANG_CXX_LIBRARY = "libc++";
				CLANG_ENABLE_MODULES = YES;
				CLANG_ENABLE_OBJC_ARC = YES;
				CLANG_ENABLE_OBJC_WEAK = YES;
				CLANG_WARN_BLOCK_CAPTURE_AUTORELEASING = YES;
				CLANG_WARN_BOOL_CONVERSION = YES;
				CLANG_WARN_COMMA = YES;
				CLANG_WARN_CONSTANT_CONVERSION = YES;
				CLANG_WARN_DEPRECATED_OBJC_IMPLEMENTATIONS = YES;
				CLANG_WARN_DIRECT_OBJC_ISA_USAGE = YES_ERROR;
				CLANG_WARN_DOCUMENTATION_COMMENTS = YES;
				CLANG_WARN_EMPTY_BODY = YES;
				CLANG_WARN_ENUM_CONVERSION = YES;
				CLANG_WARN_INFINITE_RECURSION = YES;
				CLANG_WARN_INT_CONVERSION = YES;
				CLANG_WARN_NON_LITERAL_NULL_CONVERSION = YES;
				CLANG_WARN_OBJC_IMPLICIT_RETAIN_SELF = YES;
				CLANG_WARN_OBJC_LITERAL_CONVERSION = YES;
				CLANG_WARN_OBJC_ROOT_CLASS = YES_ERROR;
				CLANG_WARN_RANGE_LOOP_ANALYSIS = YES;
				CLANG_WARN_STRICT_PROTOTYPES = YES;
				CLANG_WARN_SUSPICIOUS_MOVE = YES;
				CLANG_WARN_UNGUARDED_AVAILABILITY = YES_AGGRESSIVE;
				CLANG_WARN_UNREACHABLE_CODE = YES;
				CLANG_WARN__DUPLICATE_METHOD_MATCH = YES;
				CODE_SIGN_IDENTITY = "iPhone Developer";
				COPY_PHASE_STRIP = NO;
				DEBUG_INFORMATION_FORMAT = "dwarf-with-dsym";
				ENABLE_NS_ASSERTIONS = NO;
				ENABLE_STRICT_OBJC_MSGSEND = YES;
				GCC_C_LANGUAGE_STANDARD = gnu11;
				GCC_NO_COMMON_BLOCKS = YES;
				GCC_WARN_64_TO_32_BIT_CONVERSION = YES;
				GCC_WARN_ABOUT_RETURN_TYPE = YES_ERROR;
				GCC_WARN_UNDECLARED_SELECTOR = YES;
				GCC_WARN_UNINITIALIZED_AUTOS = YES_AGGRESSIVE;
				GCC_WARN_UNUSED_FUNCTION = YES;
				GCC_WARN_UNUSED_VARIABLE = YES;
				IPHONEOS_DEPLOYMENT_TARGET = 12.2;
				MTL_ENABLE_DEBUG_INFO = NO;
				MTL_FAST_MATH = YES;
				SDKROOT = iphoneos;
				SWIFT_COMPILATION_MODE = wholemodule;
				SWIFT_OPTIMIZATION_LEVEL = "-O";
				VALIDATE_PRODUCT = YES;
			};
			name = Release;
		};
		EE710BD822C128760069D653 /* Debug */ = {
			isa = XCBuildConfiguration;
			baseConfigurationReference = 19479809F2C08548E4748852 /* Pods-SwiftTool.debug.xcconfig */;
			buildSettings = {
				ASSETCATALOG_COMPILER_APPICON_NAME = AppIcon;
				CODE_SIGN_STYLE = Automatic;
				DEVELOPMENT_TEAM = 2E8NVCJR97;
				INFOPLIST_FILE = SwiftTool/Info.plist;
				IPHONEOS_DEPLOYMENT_TARGET = 9.0;
				LD_RUNPATH_SEARCH_PATHS = (
					"$(inherited)",
					"@executable_path/Frameworks",
				);
				PRODUCT_BUNDLE_IDENTIFIER = com.yinhe.SwiftTool;
				PRODUCT_NAME = "$(TARGET_NAME)";
				SWIFT_VERSION = 5.0;
				TARGETED_DEVICE_FAMILY = 1;
			};
			name = Debug;
		};
		EE710BD922C128760069D653 /* Release */ = {
			isa = XCBuildConfiguration;
			baseConfigurationReference = 5BC5EFB48A9F502735E19345 /* Pods-SwiftTool.release.xcconfig */;
			buildSettings = {
				ASSETCATALOG_COMPILER_APPICON_NAME = AppIcon;
				CODE_SIGN_STYLE = Automatic;
				DEVELOPMENT_TEAM = 2E8NVCJR97;
				INFOPLIST_FILE = SwiftTool/Info.plist;
				IPHONEOS_DEPLOYMENT_TARGET = 9.0;
				LD_RUNPATH_SEARCH_PATHS = (
					"$(inherited)",
					"@executable_path/Frameworks",
				);
				PRODUCT_BUNDLE_IDENTIFIER = com.yinhe.SwiftTool;
				PRODUCT_NAME = "$(TARGET_NAME)";
				SWIFT_VERSION = 5.0;
				TARGETED_DEVICE_FAMILY = 1;
			};
			name = Release;
		};
/* End XCBuildConfiguration section */

/* Begin XCConfigurationList section */
		EE710BC022C128750069D653 /* Build configuration list for PBXProject "SwiftTool" */ = {
			isa = XCConfigurationList;
			buildConfigurations = (
				EE710BD522C128760069D653 /* Debug */,
				EE710BD622C128760069D653 /* Release */,
			);
			defaultConfigurationIsVisible = 0;
			defaultConfigurationName = Release;
		};
		EE710BD722C128760069D653 /* Build configuration list for PBXNativeTarget "SwiftTool" */ = {
			isa = XCConfigurationList;
			buildConfigurations = (
				EE710BD822C128760069D653 /* Debug */,
				EE710BD922C128760069D653 /* Release */,
			);
			defaultConfigurationIsVisible = 0;
			defaultConfigurationName = Release;
		};
/* End XCConfigurationList section */
	};
	rootObject = EE710BBD22C128750069D653 /* Project object */;
}
